
Microsoft Visual Studio Solution File, Format Version 11.00
# Visual Studio 2010
Project("{FAE04EC0-301F-11D3-BF4B-00C04F79EFBC}") = "Assembly-CSharp", "Assembly-CSharp.csproj", "{89CB3960-4182-97A4-2BDA-FB8BA273A7F8}"
EndProject
Project("{FAE04EC0-301F-11D3-BF4B-00C04F79EFBC}") = "Assembly-CSharp-firstpass", "Assembly-CSharp-firstpass.csproj", "{F22BB11F-8550-C937-D460-32CFFAEC023D}"
EndProject
Project("{FAE04EC0-301F-11D3-BF4B-00C04F79EFBC}") = "Assembly-CSharp-Editor-firstpass", "Assembly-CSharp-Editor-firstpass.csproj", "{B2CD6811-AB6B-BDE6-CA0D-2D835D6A7293}"
EndProject
Global
	GlobalSection(SolutionConfigurationPlatforms) = preSolution
		Debug|Any CPU = Debug|Any CPU
		Release|Any CPU = Release|Any CPU
	EndGlobalSection
	GlobalSection(ProjectConfigurationPlatforms) = postSolution
		{89CB3960-4182-97A4-2BDA-FB8BA273A7F8}.Debug|Any CPU.ActiveCfg = Debug|Any CPU
		{89CB3960-4182-97A4-2BDA-FB8BA273A7F8}.Debug|Any CPU.Build.0 = Debug|Any CPU
		{89CB3960-4182-97A4-2BDA-FB8BA273A7F8}.Release|Any CPU.ActiveCfg = Release|Any CPU
		{89CB3960-4182-97A4-2BDA-FB8BA273A7F8}.Release|Any CPU.Build.0 = Release|Any CPU
		{F22BB11F-8550-C937-D460-32CFFAEC023D}.Debug|Any CPU.ActiveCfg = Debug|Any CPU
		{F22BB11F-8550-C937-D460-32CFFAEC023D}.Debug|Any CPU.Build.0 = Debug|Any CPU
		{F22BB11F-8550-C937-D460-32CFFAEC023D}.Release|Any CPU.ActiveCfg = Release|Any CPU
		{F22BB11F-8550-C937-D460-32CFFAEC023D}.Release|Any CPU.Build.0 = Release|Any CPU
		{B2CD6811-AB6B-BDE6-CA0D-2D835D6A7293}.Debug|Any CPU.ActiveCfg = Debug|Any CPU
		{B2CD6811-AB6B-BDE6-CA0D-2D835D6A7293}.Debug|Any CPU.Build.0 = Debug|Any CPU
		{B2CD6811-AB6B-BDE6-CA0D-2D835D6A7293}.Release|Any CPU.ActiveCfg = Release|Any CPU
		{B2CD6811-AB6B-BDE6-CA0D-2D835D6A7293}.Release|Any CPU.Build.0 = Release|Any CPU
	EndGlobalSection
	GlobalSection(SolutionProperties) = preSolution
		HideSolutionNode = FALSE
	EndGlobalSection
	GlobalSection(MonoDevelopProperties) = preSolution
		StartupItem = Assembly-CSharp.csproj
	EndGlobalSection
EndGlobal
